
Microsoft Visual Studio Solution File, Format Version 12.00
# Visual Studio 15
VisualStudioVersion = 15.0.27130.2027
MinimumVisualStudioVersion = 10.0.40219.1
Project("{8BC9CEB8-8B4A-11D0-8D11-00A0C91BC942}") = "TimXmlRpc", "TimXmlRpc.vcxproj", "{15F133BD-94DC-4E42-92AB-99DBFA3756DD}"
EndProject
Global
	GlobalSection(SolutionConfigurationPlatforms) = preSolution
		Debug|x86 = Debug|x86
		Release|x86 = Release|x86
	EndGlobalSection
	GlobalSection(ProjectConfigurationPlatforms) = postSolution
		{15F133BD-94DC-4E42-92AB-99DBFA3756DD}.Debug|x86.ActiveCfg = Debug|Win32
		{15F133BD-94DC-4E42-92AB-99DBFA3756DD}.Debug|x86.Build.0 = Debug|Win32
		{15F133BD-94DC-4E42-92AB-99DBFA3756DD}.Release|x86.ActiveCfg = Release|Win32
		{15F133BD-94DC-4E42-92AB-99DBFA3756DD}.Release|x86.Build.0 = Release|Win32
	EndGlobalSection
	GlobalSection(SolutionProperties) = preSolution
		HideSolutionNode = FALSE
	EndGlobalSection
	GlobalSection(ExtensibilityGlobals) = postSolution
		SolutionGuid = {098F2CD4-F83D-4A02-B811-96339CD37CAA}
	EndGlobalSection
EndGlobal
